<?xml version="1.0" encoding="utf-8"?>
<Project ToolsVersion="4.0" xmlns="http://schemas.microsoft.com/developer/msbuild/2003">
  <ItemGroup>
    <Filter Include="Core">
      <UniqueIdentifier>{800146bd-eba3-43b5-ad7c-4c3d60171606}</UniqueIdentifier>
    </Filter>
    <Filter Include="Core\Graphics">
      <UniqueIdentifier>{bcd00267-ee7c-424a-b444-3f366d287906}</UniqueIdentifier>
    </Filter>
    <Filter Include="User">
      <UniqueIdentifier>{8b3227a5-b1b8-4904-8eca-e4782777df8c}</UniqueIdentifier>
    </Filter>
    <Filter Include="Common">
      <UniqueIdentifier>{f1f292db-6e17-4d55-a2ed-f9759e190879}</UniqueIdentifier>
    </Filter>
    <Filter Include="Core\Scene">
      <UniqueIdentifier>{bfb5937a-0817-4e91-a4d9-6d26d7716a31}</UniqueIdentifier>
    </Filter>
    <Filter Include="Core\Graphics\Mesh">
      <UniqueIdentifier>{eb285e4e-c9e9-4712-b79a-4b33e98883ac}</UniqueIdentifier>
    </Filter>
    <Filter Include="Core\Graphics\Camera">
      <UniqueIdentifier>{886f7a17-62b2-4a6d-acfb-868cd45f2bd5}</UniqueIdentifier>
    </Filter>
    <Filter Include="Core\Graphics\Material">
      <UniqueIdentifier>{93bbffd6-a73c-42b2-9321-feb599962f31}</UniqueIdentifier>
    </Filter>
    <Filter Include="Core\Graphics\Text">
      <UniqueIdentifier>{9ba64b86-f01f-4aef-8d77-d6b9641523c8}</UniqueIdentifier>
    </Filter>
  </ItemGroup>
  <ItemGroup>
    <ClCompile Include="Core\Core.cpp">
      <Filter>Core</Filter>
    </ClCompile>
    <ClCompile Include="User\main.cpp">
      <Filter>User</Filter>
    </ClCompile>
    <ClCompile Include="User\MainScene.cpp">
      <Filter>User</Filter>
    </ClCompile>
    <ClCompile Include="Core\Scene\Scene.cpp">
      <Filter>Core\Scene</Filter>
    </ClCompile>
    <ClCompile Include="Core\Graphics\Mesh\Mesh.cpp">
      <Filter>Core\Graphics\Mesh</Filter>
    </ClCompile>
    <ClCompile Include="Core\Graphics\DXDevice.cpp">
      <Filter>Core\Graphics</Filter>
    </ClCompile>
    <ClCompile Include="Core\Graphics\Camera\Camera.cpp">
      <Filter>Core\Graphics\Camera</Filter>
    </ClCompile>
    <ClCompile Include="Core\Graphics\Material\Material.cpp">
      <Filter>Core\Graphics\Material</Filter>
    </ClCompile>
    <ClCompile Include="Core\Graphics\Material\MaterialResource.cpp">
      <Filter>Core\Graphics\Material</Filter>
    </ClCompile>
    <ClCompile Include="Core\Graphics\Mesh\MeshResource.cpp">
      <Filter>Core\Graphics\Mesh</Filter>
    </ClCompile>
    <ClCompile Include="Core\Graphics\Text\Text.cpp">
      <Filter>Core\Graphics\Text</Filter>
    </ClCompile>
    <ClCompile Include="Core\Graphics\Text\TextResource.cpp">
      <Filter>Core\Graphics\Text</Filter>
    </ClCompile>
    <ClCompile Include="Core\Graphics\Renderer.cpp">
      <Filter>Core\Graphics</Filter>
    </ClCompile>
  </ItemGroup>
  <ItemGroup>
    <ClInclude Include="Core\Core.h">
      <Filter>Core</Filter>
    </ClInclude>
    <ClInclude Include="Common\Define.h">
      <Filter>Common</Filter>
    </ClInclude>
    <ClInclude Include="Common\Setting.h">
      <Filter>Common</Filter>
    </ClInclude>
    <ClInclude Include="User\MainScene.h">
      <Filter>User</Filter>
    </ClInclude>
    <ClInclude Include="Common\DirectXMath.h">
      <Filter>Common</Filter>
    </ClInclude>
    <ClInclude Include="Core\Scene\Scene.h">
      <Filter>Core\Scene</Filter>
    </ClInclude>
    <ClInclude Include="Core\Graphics\Mesh\Mesh.h">
      <Filter>Core\Graphics\Mesh</Filter>
    </ClInclude>
    <ClInclude Include="Core\Graphics\DXDevice.h">
      <Filter>Core\Graphics</Filter>
    </ClInclude>
    <ClInclude Include="Core\Graphics\Camera\Camera.h">
      <Filter>Core\Graphics\Camera</Filter>
    </ClInclude>
    <ClInclude Include="Common\DirectXTex.h">
      <Filter>Common</Filter>
    </ClInclude>
    <ClInclude Include="Core\Graphics\Material\MaterialResource.h">
      <Filter>Core\Graphics\Material</Filter>
    </ClInclude>
    <ClInclude Include="Core\Graphics\Material\Material.h">
      <Filter>Core\Graphics\Material</Filter>
    </ClInclude>
    <ClInclude Include="Core\Graphics\Mesh\MeshResource.h">
      <Filter>Core\Graphics\Mesh</Filter>
    </ClInclude>
    <ClInclude Include="Core\Graphics\Text\Text.h">
      <Filter>Core\Graphics\Text</Filter>
    </ClInclude>
    <ClInclude Include="Core\Graphics\Text\TextResource.h">
      <Filter>Core\Graphics\Text</Filter>
    </ClInclude>
    <ClInclude Include="Core\Graphics\Renderer.h">
      <Filter>Core\Graphics</Filter>
    </ClInclude>
    <ClInclude Include="Core\Graphics\RendererKey.h">
      <Filter>Core\Graphics</Filter>
    </ClInclude>
  </ItemGroup>
</Project>